
Microsoft Visual Studio Solution File, Format Version 12.00
# Visual Studio 15
VisualStudioVersion = 15.0.28307.1169
MinimumVisualStudioVersion = 10.0.40219.1
Project("{9092AA53-FB77-4645-B42D-1CCCA6BD08BD}") = "NodeJsConsoleApp", "NodeJsConsoleApp\NodeJsConsoleApp.njsproj", "{B0B767E7-B736-4CB6-B14D-45A252D3DD80}"
EndProject
Global
	GlobalSection(SolutionConfigurationPlatforms) = preSolution
		Debug|Any CPU = Debug|Any CPU
		Release|Any CPU = Release|Any CPU
	EndGlobalSection
	GlobalSection(ProjectConfigurationPlatforms) = postSolution
		{B0B767E7-B736-4CB6-B14D-45A252D3DD80}.Debug|Any CPU.ActiveCfg = Debug|Any CPU
		{B0B767E7-B736-4CB6-B14D-45A252D3DD80}.Debug|Any CPU.Build.0 = Debug|Any CPU
		{B0B767E7-B736-4CB6-B14D-45A252D3DD80}.Release|Any CPU.ActiveCfg = Release|Any CPU
		{B0B767E7-B736-4CB6-B14D-45A252D3DD80}.Release|Any CPU.Build.0 = Release|Any CPU
	EndGlobalSection
	GlobalSection(SolutionProperties) = preSolution
		HideSolutionNode = FALSE
	EndGlobalSection
	GlobalSection(ExtensibilityGlobals) = postSolution
		SolutionGuid = {B7703D70-AC76-4EAD-9714-44D03EEAE4E3}
	EndGlobalSection
EndGlobal
